// !$*UTF8*$!
{
	archiveVersion = 1;
	classes = {
	};
	objectVersion = 77;
	objects = {

/* Begin PBXBuildFile section */
		BAF157892F1CA35B0085DBF9 /* Auth in Frameworks */ = {isa = PBXBuildFile; productRef = BAF157882F1CA35B0085DBF9 /* Auth */; };
		BAF1578B2F1CA35B0085DBF9 /* Functions in Frameworks */ = {isa = PBXBuildFile; productRef = BAF1578A2F1CA35B0085DBF9 /* Functions */; };
		BAF1578D2F1CA35B0085DBF9 /* PostgREST in Frameworks */ = {isa = PBXBuildFile; productRef = BAF1578C2F1CA35B0085DBF9 /* PostgREST */; };
		BAF1578F2F1CA35B0085DBF9 /* Realtime in Frameworks */ = {isa = PBXBuildFile; productRef = BAF1578E2F1CA35B0085DBF9 /* Realtime */; };
		BAF157912F1CA35B0085DBF9 /* Storage in Frameworks */ = {isa = PBXBuildFile; productRef = BAF157902F1CA35B0085DBF9 /* Storage */; };
		BAF157932F1CA3B60085DBF9 /* CLAUDE.md in Resources */ = {isa = PBXBuildFile; fileRef = BAF157922F1CA3930085DBF9 /* CLAUDE.md */; };
		BAF157972F1CBA750085DBF9 /* Config.plist in Resources */ = {isa = PBXBuildFile; fileRef = BAF157962F1CBA750085DBF9 /* Config.plist */; };
		BAF1579D2F1CC22B0085DBF9 /* AppConstants.swift in Sources */ = {isa = PBXBuildFile; fileRef = BAF1579C2F1CC22B0085DBF9 /* AppConstants.swift */; };
		BAF157B02F1CC8CA0085DBF9 /* Supabase in Frameworks */ = {isa = PBXBuildFile; productRef = BAF157AF2F1CC8CA0085DBF9 /* Supabase */; };
/* End PBXBuildFile section */

/* Begin PBXContainerItemProxy section */
		BA2262B72F1BE30000727B24 /* PBXContainerItemProxy */ = {
			isa = PBXContainerItemProxy;
			containerPortal = BA2262A12F1BE2FE00727B24 /* Project object */;
			proxyType = 1;
			remoteGlobalIDString = BA2262A82F1BE2FE00727B24;
			remoteInfo = Glasscast;
		};
		BA2262C12F1BE30000727B24 /* PBXContainerItemProxy */ = {
			isa = PBXContainerItemProxy;
			containerPortal = BA2262A12F1BE2FE00727B24 /* Project object */;
			proxyType = 1;
			remoteGlobalIDString = BA2262A82F1BE2FE00727B24;
			remoteInfo = Glasscast;
		};
/* End PBXContainerItemProxy section */

/* Begin PBXFileReference section */
		BA2262A92F1BE2FE00727B24 /* Glasscast.app */ = {isa = PBXFileReference; explicitFileType = wrapper.application; includeInIndex = 0; path = Glasscast.app; sourceTree = BUILT_PRODUCTS_DIR; };
		BA2262B62F1BE30000727B24 /* GlasscastTests.xctest */ = {isa = PBXFileReference; explicitFileType = wrapper.cfbundle; includeInIndex = 0; path = GlasscastTests.xctest; sourceTree = BUILT_PRODUCTS_DIR; };
		BA2262C02F1BE30000727B24 /* GlasscastUITests.xctest */ = {isa = PBXFileReference; explicitFileType = wrapper.cfbundle; includeInIndex = 0; path = GlasscastUITests.xctest; sourceTree = BUILT_PRODUCTS_DIR; };
		BAF157922F1CA3930085DBF9 /* CLAUDE.md */ = {isa = PBXFileReference; lastKnownFileType = net.daringfireball.markdown; path = CLAUDE.md; sourceTree = "<group>"; };
		BAF157962F1CBA750085DBF9 /* Config.plist */ = {isa = PBXFileReference; lastKnownFileType = text.plist.xml; path = Config.plist; sourceTree = "<group>"; };
		BAF1579C2F1CC22B0085DBF9 /* AppConstants.swift */ = {isa = PBXFileReference; lastKnownFileType = sourcecode.swift; path = AppConstants.swift; sourceTree = "<group>"; };
/* End PBXFileReference section */

/* Begin PBXFileSystemSynchronizedBuildFileExceptionSet section */
		BAF158152F1CF56E0085DBF9 /* Exceptions for "Glasscast" folder in "Glasscast" target */ = {
			isa = PBXFileSystemSynchronizedBuildFileExceptionSet;
			membershipExceptions = (
				Info.plist,
			);
			target = BA2262A82F1BE2FE00727B24 /* Glasscast */;
		};
/* End PBXFileSystemSynchronizedBuildFileExceptionSet section */

/* Begin PBXFileSystemSynchronizedRootGroup section */
		BA2262AB2F1BE2FE00727B24 /* Glasscast */ = {
			isa = PBXFileSystemSynchronizedRootGroup;
			exceptions = (
				BAF158152F1CF56E0085DBF9 /* Exceptions for "Glasscast" folder in "Glasscast" target */,
			);
			path = Glasscast;
			sourceTree = "<group>";
		};
		BA2262B92F1BE30000727B24 /* GlasscastTests */ = {
			isa = PBXFileSystemSynchronizedRootGroup;
			path = GlasscastTests;
			sourceTree = "<group>";
		};
		BA2262C32F1BE30000727B24 /* GlasscastUITests */ = {
			isa = PBXFileSystemSynchronizedRootGroup;
			path = GlasscastUITests;
			sourceTree = "<group>";
		};
/* End PBXFileSystemSynchronizedRootGroup section */

/* Begin PBXFrameworksBuildPhase section */
		BA2262A62F1BE2FE00727B24 /* Frameworks */ = {
			isa = PBXFrameworksBuildPhase;
			buildActionMask = 2147483647;
			files = (
				BAF1578D2F1CA35B0085DBF9 /* PostgREST in Frameworks */,
				BAF1578B2F1CA35B0085DBF9 /* Functions in Frameworks */,
				BAF157B02F1CC8CA0085DBF9 /* Supabase in Frameworks */,
				BAF157892F1CA35B0085DBF9 /* Auth in Frameworks */,
				BAF157912F1CA35B0085DBF9 /* Storage in Frameworks */,
				BAF1578F2F1CA35B0085DBF9 /* Realtime in Frameworks */,
			);
			runOnlyForDeploymentPostprocessing = 0;
		};
		BA2262B32F1BE30000727B24 /* Frameworks */ = {
			isa = PBXFrameworksBuildPhase;
			buildActionMask = 2147483647;
			files = (
			);
			runOnlyForDeploymentPostprocessing = 0;
		};
		BA2262BD2F1BE30000727B24 /* Frameworks */ = {
			isa = PBXFrameworksBuildPhase;
			buildActionMask = 2147483647;
			files = (
			);
			runOnlyForDeploymentPostprocessing = 0;
		};
/* End PBXFrameworksBuildPhase section */

/* Begin PBXGroup section */
		BA2262A02F1BE2FE00727B24 = {
			isa = PBXGroup;
			children = (
				BA2262AB2F1BE2FE00727B24 /* Glasscast */,
				BAF1579C2F1CC22B0085DBF9 /* AppConstants.swift */,
				BA2262B92F1BE30000727B24 /* GlasscastTests */,
				BA2262C32F1BE30000727B24 /* GlasscastUITests */,
				BAF157922F1CA3930085DBF9 /* CLAUDE.md */,
				BAF157962F1CBA750085DBF9 /* Config.plist */,
				BAF157AE2F1CC8CA0085DBF9 /* Frameworks */,
				BA2262AA2F1BE2FE00727B24 /* Products */,
			);
			sourceTree = "<group>";
		};
		BA2262AA2F1BE2FE00727B24 /* Products */ = {
			isa = PBXGroup;
			children = (
				BA2262A92F1BE2FE00727B24 /* Glasscast.app */,
				BA2262B62F1BE30000727B24 /* GlasscastTests.xctest */,
				BA2262C02F1BE30000727B24 /* GlasscastUITests.xctest */,
			);
			name = Products;
			sourceTree = "<group>";
		};
		BAF157AE2F1CC8CA0085DBF9 /* Frameworks */ = {
			isa = PBXGroup;
			children = (
			);
			name = Frameworks;
			sourceTree = "<group>";
		};
/* End PBXGroup section */

/* Begin PBXNativeTarget section */
		BA2262A82F1BE2FE00727B24 /* Glasscast */ = {
			isa = PBXNativeTarget;
			buildConfigurationList = BA2262CA2F1BE30000727B24 /* Build configuration list for PBXNativeTarget "Glasscast" */;
			buildPhases = (
				BA2262A52F1BE2FE00727B24 /* Sources */,
				BA2262A62F1BE2FE00727B24 /* Frameworks */,
				BA2262A72F1BE2FE00727B24 /* Resources */,
			);
			buildRules = (
			);
			dependencies = (
			);
			fileSystemSynchronizedGroups = (
				BA2262AB2F1BE2FE00727B24 /* Glasscast */,
			);
			name = Glasscast;
			packageProductDependencies = (
				BAF157882F1CA35B0085DBF9 /* Auth */,
				BAF1578A2F1CA35B0085DBF9 /* Functions */,
				BAF1578C2F1CA35B0085DBF9 /* PostgREST */,
				BAF1578E2F1CA35B0085DBF9 /* Realtime */,
				BAF157902F1CA35B0085DBF9 /* Storage */,
				BAF157AF2F1CC8CA0085DBF9 /* Supabase */,
			);
			productName = Glasscast;
			productReference = BA2262A92F1BE2FE00727B24 /* Glasscast.app */;
			productType = "com.apple.product-type.application";
		};
		BA2262B52F1BE30000727B24 /* GlasscastTests */ = {
			isa = PBXNativeTarget;
			buildConfigurationList = BA2262CD2F1BE30000727B24 /* Build configuration list for PBXNativeTarget "GlasscastTests" */;
			buildPhases = (
				BA2262B22F1BE30000727B24 /* Sources */,
				BA2262B32F1BE30000727B24 /* Frameworks */,
				BA2262B42F1BE30000727B24 /* Resources */,
			);
			buildRules = (
			);
			dependencies = (
				BA2262B82F1BE30000727B24 /* PBXTargetDependency */,
			);
			fileSystemSynchronizedGroups = (
				BA2262B92F1BE30000727B24 /* GlasscastTests */,
			);
			name = GlasscastTests;
			packageProductDependencies = (
			);
			productName = GlasscastTests;
			productReference = BA2262B62F1BE30000727B24 /* GlasscastTests.xctest */;
			productType = "com.apple.product-type.bundle.unit-test";
		};
		BA2262BF2F1BE30000727B24 /* GlasscastUITests */ = {
			isa = PBXNativeTarget;
			buildConfigurationList = BA2262D02F1BE30000727B24 /* Build configuration list for PBXNativeTarget "GlasscastUITests" */;
			buildPhases = (
				BA2262BC2F1BE30000727B24 /* Sources */,
				BA2262BD2F1BE30000727B24 /* Frameworks */,
				BA2262BE2F1BE30000727B24 /* Resources */,
			);
			buildRules = (
			);
			dependencies = (
				BA2262C22F1BE30000727B24 /* PBXTargetDependency */,
			);
			fileSystemSynchronizedGroups = (
				BA2262C32F1BE30000727B24 /* GlasscastUITests */,
			);
			name = GlasscastUITests;
			packageProductDependencies = (
			);
			productName = GlasscastUITests;
			productReference = BA2262C02F1BE30000727B24 /* GlasscastUITests.xctest */;
			productType = "com.apple.product-type.bundle.ui-testing";
		};
/* End PBXNativeTarget section */

/* Begin PBXProject section */
		BA2262A12F1BE2FE00727B24 /* Project object */ = {
			isa = PBXProject;
			attributes = {
				BuildIndependentTargetsInParallel = 1;
				LastSwiftUpdateCheck = 2620;
				LastUpgradeCheck = 2620;
				TargetAttributes = {
					BA2262A82F1BE2FE00727B24 = {
						CreatedOnToolsVersion = 26.2;
					};
					BA2262B52F1BE30000727B24 = {
						CreatedOnToolsVersion = 26.2;
						TestTargetID = BA2262A82F1BE2FE00727B24;
					};
					BA2262BF2F1BE30000727B24 = {
						CreatedOnToolsVersion = 26.2;
						TestTargetID = BA2262A82F1BE2FE00727B24;
					};
				};
			};
			buildConfigurationList = BA2262A42F1BE2FE00727B24 /* Build configuration list for PBXProject "Glasscast" */;
			developmentRegion = en;
			hasScannedForEncodings = 0;
			knownRegions = (
				en,
				Base,
			);
			mainGroup = BA2262A02F1BE2FE00727B24;
			minimizedProjectReferenceProxies = 1;
			packageReferences = (
				BAF157872F1CA35B0085DBF9 /* XCRemoteSwiftPackageReference "supabase-swift" */,
			);
			preferredProjectObjectVersion = 77;
			productRefGroup = BA2262AA2F1BE2FE00727B24 /* Products */;
			projectDirPath = "";
			projectRoot = "";
			targets = (
				BA2262A82F1BE2FE00727B24 /* Glasscast */,
				BA2262B52F1BE30000727B24 /* GlasscastTests */,
				BA2262BF2F1BE30000727B24 /* GlasscastUITests */,
			);
		};
/* End PBXProject section */

/* Begin PBXResourcesBuildPhase section */
		BA2262A72F1BE2FE00727B24 /* Resources */ = {
			isa = PBXResourcesBuildPhase;
			buildActionMask = 2147483647;
			files = (
				BAF157972F1CBA750085DBF9 /* Config.plist in Resources */,
				BAF157932F1CA3B60085DBF9 /* CLAUDE.md in Resources */,
			);
			runOnlyForDeploymentPostprocessing = 0;
		};
		BA2262B42F1BE30000727B24 /* Resources */ = {
			isa = PBXResourcesBuildPhase;
			buildActionMask = 2147483647;
			files = (
			);
			runOnlyForDeploymentPostprocessing = 0;
		};
		BA2262BE2F1BE30000727B24 /* Resources */ = {
			isa = PBXResourcesBuildPhase;
			buildActionMask = 2147483647;
			files = (
			);
			runOnlyForDeploymentPostprocessing = 0;
		};
/* End PBXResourcesBuildPhase section */

/* Begin PBXSourcesBuildPhase section */
		BA2262A52F1BE2FE00727B24 /* Sources */ = {
			isa = PBXSourcesBuildPhase;
			buildActionMask = 2147483647;
			files = (
				BAF1579D2F1CC22B0085DBF9 /* AppConstants.swift in Sources */,
			);
			runOnlyForDeploymentPostprocessing = 0;
		};
		BA2262B22F1BE30000727B24 /* Sources */ = {
			isa = PBXSourcesBuildPhase;
			buildActionMask = 2147483647;
			files = (
			);
			runOnlyForDeploymentPostprocessing = 0;
		};
		BA2262BC2F1BE30000727B24 /* Sources */ = {
			isa = PBXSourcesBuildPhase;
			buildActionMask = 2147483647;
			files = (
			);
			runOnlyForDeploymentPostprocessing = 0;
		};
/* End PBXSourcesBuildPhase section */

/* Begin PBXTargetDependency section */
		BA2262B82F1BE30000727B24 /* PBXTargetDependency */ = {
			isa = PBXTargetDependency;
			target = BA2262A82F1BE2FE00727B24 /* Glasscast */;
			targetProxy = BA2262B72F1BE30000727B24 /* PBXContainerItemProxy */;
		};
		BA2262C22F1BE30000727B24 /* PBXTargetDependency */ = {
			isa = PBXTargetDependency;
			target = BA2262A82F1BE2FE00727B24 /* Glasscast */;
			targetProxy = BA2262C12F1BE30000727B24 /* PBXContainerItemProxy */;
		};
/* End PBXTargetDependency section */

/* Begin XCBuildConfiguration section */
		BA2262C82F1BE30000727B24 /* Debug */ = {
			isa = XCBuildConfiguration;
			buildSettings = {
				ALWAYS_SEARCH_USER_PATHS = NO;
				ASSETCATALOG_COMPILER_GENERATE_SWIFT_ASSET_SYMBOL_EXTENSIONS = YES;
				CLANG_ANALYZER_NONNULL = YES;
				CLANG_ANALYZER_NUMBER_OBJECT_CONVERSION = YES_AGGRESSIVE;
				CLANG_CXX_LANGUAGE_STANDARD = "gnu++20";
				CLANG_ENABLE_MODULES = YES;
				CLANG_ENABLE_OBJC_ARC = YES;
				CLANG_ENABLE_OBJC_WEAK = YES;
				CLANG_WARN_BLOCK_CAPTURE_AUTORELEASING = YES;
				CLANG_WARN_BOOL_CONVERSION = YES;
				CLANG_WARN_COMMA = YES;
				CLANG_WARN_CONSTANT_CONVERSION = YES;
				CLANG_WARN_DEPRECATED_OBJC_IMPLEMENTATIONS = YES;
				CLANG_WARN_DIRECT_OBJC_ISA_USAGE = YES_ERROR;
				CLANG_WARN_DOCUMENTATION_COMMENTS = YES;
				CLANG_WARN_EMPTY_BODY = YES;
				CLANG_WARN_ENUM_CONVERSION = YES;
				CLANG_WARN_INFINITE_RECURSION = YES;
				CLANG_WARN_INT_CONVERSION = YES;
				CLANG_WARN_NON_LITERAL_NULL_CONVERSION = YES;
				CLANG_WARN_OBJC_IMPLICIT_RETAIN_SELF = YES;
				CLANG_WARN_OBJC_LITERAL_CONVERSION = YES;
				CLANG_WARN_OBJC_ROOT_CLASS = YES_ERROR;
				CLANG_WARN_QUOTED_INCLUDE_IN_FRAMEWORK_HEADER = YES;
				CLANG_WARN_RANGE_LOOP_ANALYSIS = YES;
				CLANG_WARN_STRICT_PROTOTYPES = YES;
				CLANG_WARN_SUSPICIOUS_MOVE = YES;
				CLANG_WARN_UNGUARDED_AVAILABILITY = YES_AGGRESSIVE;
				CLANG_WARN_UNREACHABLE_CODE = YES;
				CLANG_WARN__DUPLICATE_METHOD_MATCH = YES;
				COPY_PHASE_STRIP = NO;
				DEBUG_INFORMATION_FORMAT = dwarf;
				DEVELOPMENT_TEAM = 25338YW52K;
				ENABLE_STRICT_OBJC_MSGSEND = YES;
				ENABLE_TESTABILITY = YES;
				ENABLE_USER_SCRIPT_SANDBOXING = YES;
				GCC_C_LANGUAGE_STANDARD = gnu17;
				GCC_DYNAMIC_NO_PIC = NO;
				GCC_NO_COMMON_BLOCKS = YES;
				GCC_OPTIMIZATION_LEVEL = 0;
				GCC_PREPROCESSOR_DEFINITIONS = (
					"DEBUG=1",
					"$(inherited)",
				);
				GCC_WARN_64_TO_32_BIT_CONVERSION = YES;
				GCC_WARN_ABOUT_RETURN_TYPE = YES_ERROR;
				GCC_WARN_UNDECLARED_SELECTOR = YES;
				GCC_WARN_UNINITIALIZED_AUTOS = YES_AGGRESSIVE;
				GCC_WARN_UNUSED_FUNCTION = YES;
				GCC_WARN_UNUSED_VARIABLE = YES;
				LOCALIZATION_PREFERS_STRING_CATALOGS = YES;
				MTL_ENABLE_DEBUG_INFO = INCLUDE_SOURCE;
				MTL_FAST_MATH = YES;
				ONLY_ACTIVE_ARCH = YES;
				SWIFT_ACTIVE_COMPILATION_CONDITIONS = "DEBUG $(inherited)";
				SWIFT_OPTIMIZATION_LEVEL = "-Onone";
			};
			name = Debug;
		};
		BA2262C92F1BE30000727B24 /* Release */ = {
			isa = XCBuildConfiguration;
			buildSettings = {
				ALWAYS_SEARCH_USER_PATHS = NO;
				ASSETCATALOG_COMPILER_GENERATE_SWIFT_ASSET_SYMBOL_EXTENSIONS = YES;
				CLANG_ANALYZER_NONNULL = YES;
				CLANG_ANALYZER_NUMBER_OBJECT_CONVERSION = YES_AGGRESSIVE;
				CLANG_CXX_LANGUAGE_STANDARD = "gnu++20";
				CLANG_ENABLE_MODULES = YES;
				CLANG_ENABLE_OBJC_ARC = YES;
				CLANG_ENABLE_OBJC_WEAK = YES;
				CLANG_WARN_BLOCK_CAPTURE_AUTORELEASING = YES;
				CLANG_WARN_BOOL_CONVERSION = YES;
				CLANG_WARN_COMMA = YES;
				CLANG_WARN_CONSTANT_CONVERSION = YES;
				CLANG_WARN_DEPRECATED_OBJC_IMPLEMENTATIONS = YES;
				CLANG_WARN_DIRECT_OBJC_ISA_USAGE = YES_ERROR;
				CLANG_WARN_DOCUMENTATION_COMMENTS = YES;
				CLANG_WARN_EMPTY_BODY = YES;
				CLANG_WARN_ENUM_CONVERSION = YES;
				CLANG_WARN_INFINITE_RECURSION = YES;
				CLANG_WARN_INT_CONVERSION = YES;
				CLANG_WARN_NON_LITERAL_NULL_CONVERSION = YES;
				CLANG_WARN_OBJC_IMPLICIT_RETAIN_SELF = YES;
				CLANG_WARN_OBJC_LITERAL_CONVERSION = YES;
				CLANG_WARN_OBJC_ROOT_CLASS = YES_ERROR;
				CLANG_WARN_QUOTED_INCLUDE_IN_FRAMEWORK_HEADER = YES;
				CLANG_WARN_RANGE_LOOP_ANALYSIS = YES;
				CLANG_WARN_STRICT_PROTOTYPES = YES;
				CLANG_WARN_SUSPICIOUS_MOVE = YES;
				CLANG_WARN_UNGUARDED_AVAILABILITY = YES_AGGRESSIVE;
				CLANG_WARN_UNREACHABLE_CODE = YES;
				CLANG_WARN__DUPLICATE_METHOD_MATCH = YES;
				COPY_PHASE_STRIP = NO;
				DEBUG_INFORMATION_FORMAT = "dwarf-with-dsym";
				DEVELOPMENT_TEAM = 25338YW52K;
				ENABLE_NS_ASSERTIONS = NO;
				ENABLE_STRICT_OBJC_MSGSEND = YES;
				ENABLE_USER_SCRIPT_SANDBOXING = YES;
				GCC_C_LANGUAGE_STANDARD = gnu17;
				GCC_NO_COMMON_BLOCKS = YES;
				GCC_WARN_64_TO_32_BIT_CONVERSION = YES;
				GCC_WARN_ABOUT_RETURN_TYPE = YES_ERROR;
				GCC_WARN_UNDECLARED_SELECTOR = YES;
				GCC_WARN_UNINITIALIZED_AUTOS = YES_AGGRESSIVE;
				GCC_WARN_UNUSED_FUNCTION = YES;
				GCC_WARN_UNUSED_VARIABLE = YES;
				LOCALIZATION_PREFERS_STRING_CATALOGS = YES;
				MTL_ENABLE_DEBUG_INFO = NO;
				MTL_FAST_MATH = YES;
				SWIFT_COMPILATION_MODE = wholemodule;
			};
			name = Release;
		};
		BA2262CB2F1BE30000727B24 /* Debug */ = {
			isa = XCBuildConfiguration;
			buildSettings = {
				ASSETCATALOG_COMPILER_APPICON_NAME = AppIcon;
				ASSETCATALOG_COMPILER_GLOBAL_ACCENT_COLOR_NAME = AccentColor;
				CODE_SIGN_STYLE = Automatic;
				CURRENT_PROJECT_VERSION = 1;
				DEVELOPMENT_TEAM = 25338YW52K;
				ENABLE_APP_SANDBOX = YES;
				ENABLE_HARDENED_RUNTIME = YES;
				ENABLE_PREVIEWS = YES;
				ENABLE_USER_SELECTED_FILES = readonly;
				GENERATE_INFOPLIST_FILE = YES;
				INFOPLIST_FILE = Glasscast/Info.plist;
				INFOPLIST_KEY_CFBundleDisplayName = NSLocationWhenInUseUsageDescription;
				INFOPLIST_KEY_LSApplicationCategoryType = "public.app-category.weather";
				"INFOPLIST_KEY_UIApplicationSceneManifest_Generation[sdk=iphoneos*]" = YES;
				"INFOPLIST_KEY_UIApplicationSceneManifest_Generation[sdk=iphonesimulator*]" = YES;
				"INFOPLIST_KEY_UIApplicationSupportsIndirectInputEvents[sdk=iphoneos*]" = YES;
				"INFOPLIST_KEY_UIApplicationSupportsIndirectInputEvents[sdk=iphonesimulator*]" = YES;
				"INFOPLIST_KEY_UILaunchScreen_Generation[sdk=iphoneos*]" = YES;
				"INFOPLIST_KEY_UILaunchScreen_Generation[sdk=iphonesimulator*]" = YES;
				"INFOPLIST_KEY_UIStatusBarStyle[sdk=iphoneos*]" = UIStatusBarStyleDefault;
				"INFOPLIST_KEY_UIStatusBarStyle[sdk=iphonesimulator*]" = UIStatusBarStyleDefault;
				INFOPLIST_KEY_UISupportedInterfaceOrientations_iPad = "UIInterfaceOrientationPortrait UIInterfaceOrientationPortraitUpsideDown UIInterfaceOrientationLandscapeLeft UIInterfaceOrientationLandscapeRight";
				INFOPLIST_KEY_UISupportedInterfaceOrientations_iPhone = "UIInterfaceOrientationPortrait UIInterfaceOrientationLandscapeLeft UIInterfaceOrientationLandscapeRight";
				IPHONEOS_DEPLOYMENT_TARGET = 26.2;
				LD_RUNPATH_SEARCH_PATHS = "@executable_path/Frameworks";
				"LD_RUNPATH_SEARCH_PATHS[sdk=macosx*]" = "@executable_path/../Frameworks";
				MACOSX_DEPLOYMENT_TARGET = 26.2;
				MARKETING_VERSION = 1.0;
				PRODUCT_BUNDLE_IDENTIFIER = com.Akshay.Glasscast.Glasscast;
				PRODUCT_NAME = "$(TARGET_NAME)";
				REGISTER_APP_GROUPS = YES;
				SDKROOT = auto;
				STRING_CATALOG_GENERATE_SYMBOLS = YES;
				SUPPORTED_PLATFORMS = "iphoneos iphonesimulator macosx xros xrsimulator";
				SWIFT_APPROACHABLE_CONCURRENCY = YES;
				SWIFT_DEFAULT_ACTOR_ISOLATION = MainActor;
				SWIFT_EMIT_LOC_STRINGS = YES;
				SWIFT_UPCOMING_FEATURE_MEMBER_IMPORT_VISIBILITY = YES;
				SWIFT_VERSION = 5.0;
				TARGETED_DEVICE_FAMILY = "1,2,7";
				XROS_DEPLOYMENT_TARGET = 26.2;
			};
			name = Debug;
		};
		BA2262CC2F1BE30000727B24 /* Release */ = {
			isa = XCBuildConfiguration;
			buildSettings = {
				ASSETCATALOG_COMPILER_APPICON_NAME = AppIcon;
				ASSETCATALOG_COMPILER_GLOBAL_ACCENT_COLOR_NAME = AccentColor;
				CODE_SIGN_STYLE = Automatic;
				CURRENT_PROJECT_VERSION = 1;
				DEVELOPMENT_TEAM = 25338YW52K;
				ENABLE_APP_SANDBOX = YES;
				ENABLE_HARDENED_RUNTIME = YES;
				ENABLE_PREVIEWS = YES;
				ENABLE_USER_SELECTED_FILES = readonly;
				GENERATE_INFOPLIST_FILE = YES;
				INFOPLIST_FILE = Glasscast/Info.plist;
				INFOPLIST_KEY_CFBundleDisplayName = NSLocationWhenInUseUsageDescription;
				INFOPLIST_KEY_LSApplicationCategoryType = "public.app-category.weather";
				"INFOPLIST_KEY_UIApplicationSceneManifest_Generation[sdk=iphoneos*]" = YES;
				"INFOPLIST_KEY_UIApplicationSceneManifest_Generation[sdk=iphonesimulator*]" = YES;
				"INFOPLIST_KEY_UIApplicationSupportsIndirectInputEvents[sdk=iphoneos*]" = YES;
				"INFOPLIST_KEY_UIApplicationSupportsIndirectInputEvents[sdk=iphonesimulator*]" = YES;
				"INFOPLIST_KEY_UILaunchScreen_Generation[sdk=iphoneos*]" = YES;
				"INFOPLIST_KEY_UILaunchScreen_Generation[sdk=iphonesimulator*]" = YES;
				"INFOPLIST_KEY_UIStatusBarStyle[sdk=iphoneos*]" = UIStatusBarStyleDefault;
				"INFOPLIST_KEY_UIStatusBarStyle[sdk=iphonesimulator*]" = UIStatusBarStyleDefault;
				INFOPLIST_KEY_UISupportedInterfaceOrientations_iPad = "UIInterfaceOrientationPortrait UIInterfaceOrientationPortraitUpsideDown UIInterfaceOrientationLandscapeLeft UIInterfaceOrientationLandscapeRight";
				INFOPLIST_KEY_UISupportedInterfaceOrientations_iPhone = "UIInterfaceOrientationPortrait UIInterfaceOrientationLandscapeLeft UIInterfaceOrientationLandscapeRight";
				IPHONEOS_DEPLOYMENT_TARGET = 26.2;
				LD_RUNPATH_SEARCH_PATHS = "@executable_path/Frameworks";
				"LD_RUNPATH_SEARCH_PATHS[sdk=macosx*]" = "@executable_path/../Frameworks";
				MACOSX_DEPLOYMENT_TARGET = 26.2;
				MARKETING_VERSION = 1.0;
				PRODUCT_BUNDLE_IDENTIFIER = com.Akshay.Glasscast.Glasscast;
				PRODUCT_NAME = "$(TARGET_NAME)";
				REGISTER_APP_GROUPS = YES;
				SDKROOT = auto;
				STRING_CATALOG_GENERATE_SYMBOLS = YES;
				SUPPORTED_PLATFORMS = "iphoneos iphonesimulator macosx xros xrsimulator";
				SWIFT_APPROACHABLE_CONCURRENCY = YES;
				SWIFT_DEFAULT_ACTOR_ISOLATION = MainActor;
				SWIFT_EMIT_LOC_STRINGS = YES;
				SWIFT_UPCOMING_FEATURE_MEMBER_IMPORT_VISIBILITY = YES;
				SWIFT_VERSION = 5.0;
				TARGETED_DEVICE_FAMILY = "1,2,7";
				XROS_DEPLOYMENT_TARGET = 26.2;
			};
			name = Release;
		};
		BA2262CE2F1BE30000727B24 /* Debug */ = {
			isa = XCBuildConfiguration;
			buildSettings = {
				BUNDLE_LOADER = "$(TEST_HOST)";
				CODE_SIGN_STYLE = Automatic;
				CURRENT_PROJECT_VERSION = 1;
				DEVELOPMENT_TEAM = 25338YW52K;
				GENERATE_INFOPLIST_FILE = YES;
				IPHONEOS_DEPLOYMENT_TARGET = 26.2;
				MACOSX_DEPLOYMENT_TARGET = 26.2;
				MARKETING_VERSION = 1.0;
				PRODUCT_BUNDLE_IDENTIFIER = com.Akshay.Glasscast.GlasscastTests;
				PRODUCT_NAME = "$(TARGET_NAME)";
				SDKROOT = auto;
				STRING_CATALOG_GENERATE_SYMBOLS = NO;
				SUPPORTED_PLATFORMS = "iphoneos iphonesimulator macosx xros xrsimulator";
				SWIFT_APPROACHABLE_CONCURRENCY = YES;
				SWIFT_EMIT_LOC_STRINGS = NO;
				SWIFT_UPCOMING_FEATURE_MEMBER_IMPORT_VISIBILITY = YES;
				SWIFT_VERSION = 5.0;
				TARGETED_DEVICE_FAMILY = "1,2,7";
				TEST_HOST = "$(BUILT_PRODUCTS_DIR)/Glasscast.app/$(BUNDLE_EXECUTABLE_FOLDER_PATH)/Glasscast";
				XROS_DEPLOYMENT_TARGET = 26.2;
			};
			name = Debug;
		};
		BA2262CF2F1BE30000727B24 /* Release */ = {
			isa = XCBuildConfiguration;
			buildSettings = {
				BUNDLE_LOADER = "$(TEST_HOST)";
				CODE_SIGN_STYLE = Automatic;
				CURRENT_PROJECT_VERSION = 1;
				DEVELOPMENT_TEAM = 25338YW52K;
				GENERATE_INFOPLIST_FILE = YES;
				IPHONEOS_DEPLOYMENT_TARGET = 26.2;
				MACOSX_DEPLOYMENT_TARGET = 26.2;
				MARKETING_VERSION = 1.0;
				PRODUCT_BUNDLE_IDENTIFIER = com.Akshay.Glasscast.GlasscastTests;
				PRODUCT_NAME = "$(TARGET_NAME)";
				SDKROOT = auto;
				STRING_CATALOG_GENERATE_SYMBOLS = NO;
				SUPPORTED_PLATFORMS = "iphoneos iphonesimulator macosx xros xrsimulator";
				SWIFT_APPROACHABLE_CONCURRENCY = YES;
				SWIFT_EMIT_LOC_STRINGS = NO;
				SWIFT_UPCOMING_FEATURE_MEMBER_IMPORT_VISIBILITY = YES;
				SWIFT_VERSION = 5.0;
				TARGETED_DEVICE_FAMILY = "1,2,7";
				TEST_HOST = "$(BUILT_PRODUCTS_DIR)/Glasscast.app/$(BUNDLE_EXECUTABLE_FOLDER_PATH)/Glasscast";
				XROS_DEPLOYMENT_TARGET = 26.2;
			};
			name = Release;
		};
		BA2262D12F1BE30000727B24 /* Debug */ = {
			isa = XCBuildConfiguration;
			buildSettings = {
				CODE_SIGN_STYLE = Automatic;
				CURRENT_PROJECT_VERSION = 1;
				DEVELOPMENT_TEAM = 25338YW52K;
				GENERATE_INFOPLIST_FILE = YES;
				IPHONEOS_DEPLOYMENT_TARGET = 26.2;
				MACOSX_DEPLOYMENT_TARGET = 26.2;
				MARKETING_VERSION = 1.0;
				PRODUCT_BUNDLE_IDENTIFIER = com.Akshay.Glasscast.GlasscastUITests;
				PRODUCT_NAME = "$(TARGET_NAME)";
				SDKROOT = auto;
				STRING_CATALOG_GENERATE_SYMBOLS = NO;
				SUPPORTED_PLATFORMS = "iphoneos iphonesimulator macosx xros xrsimulator";
				SWIFT_APPROACHABLE_CONCURRENCY = YES;
				SWIFT_EMIT_LOC_STRINGS = NO;
				SWIFT_UPCOMING_FEATURE_MEMBER_IMPORT_VISIBILITY = YES;
				SWIFT_VERSION = 5.0;
				TARGETED_DEVICE_FAMILY = "1,2,7";
				TEST_TARGET_NAME = Glasscast;
				XROS_DEPLOYMENT_TARGET = 26.2;
			};
			name = Debug;
		};
		BA2262D22F1BE30000727B24 /* Release */ = {
			isa = XCBuildConfiguration;
			buildSettings = {
				CODE_SIGN_STYLE = Automatic;
				CURRENT_PROJECT_VERSION = 1;
				DEVELOPMENT_TEAM = 25338YW52K;
				GENERATE_INFOPLIST_FILE = YES;
				IPHONEOS_DEPLOYMENT_TARGET = 26.2;
				MACOSX_DEPLOYMENT_TARGET = 26.2;
				MARKETING_VERSION = 1.0;
				PRODUCT_BUNDLE_IDENTIFIER = com.Akshay.Glasscast.GlasscastUITests;
				PRODUCT_NAME = "$(TARGET_NAME)";
				SDKROOT = auto;
				STRING_CATALOG_GENERATE_SYMBOLS = NO;
				SUPPORTED_PLATFORMS = "iphoneos iphonesimulator macosx xros xrsimulator";
				SWIFT_APPROACHABLE_CONCURRENCY = YES;
				SWIFT_EMIT_LOC_STRINGS = NO;
				SWIFT_UPCOMING_FEATURE_MEMBER_IMPORT_VISIBILITY = YES;
				SWIFT_VERSION = 5.0;
				TARGETED_DEVICE_FAMILY = "1,2,7";
				TEST_TARGET_NAME = Glasscast;
				XROS_DEPLOYMENT_TARGET = 26.2;
			};
			name = Release;
		};
/* End XCBuildConfiguration section */

/* Begin XCConfigurationList section */
		BA2262A42F1BE2FE00727B24 /* Build configuration list for PBXProject "Glasscast" */ = {
			isa = XCConfigurationList;
			buildConfigurations = (
				BA2262C82F1BE30000727B24 /* Debug */,
				BA2262C92F1BE30000727B24 /* Release */,
			);
			defaultConfigurationIsVisible = 0;
			defaultConfigurationName = Release;
		};
		BA2262CA2F1BE30000727B24 /* Build configuration list for PBXNativeTarget "Glasscast" */ = {
			isa = XCConfigurationList;
			buildConfigurations = (
				BA2262CB2F1BE30000727B24 /* Debug */,
				BA2262CC2F1BE30000727B24 /* Release */,
			);
			defaultConfigurationIsVisible = 0;
			defaultConfigurationName = Release;
		};
		BA2262CD2F1BE30000727B24 /* Build configuration list for PBXNativeTarget "GlasscastTests" */ = {
			isa = XCConfigurationList;
			buildConfigurations = (
				BA2262CE2F1BE30000727B24 /* Debug */,
				BA2262CF2F1BE30000727B24 /* Release */,
			);
			defaultConfigurationIsVisible = 0;
			defaultConfigurationName = Release;
		};
		BA2262D02F1BE30000727B24 /* Build configuration list for PBXNativeTarget "GlasscastUITests" */ = {
			isa = XCConfigurationList;
			buildConfigurations = (
				BA2262D12F1BE30000727B24 /* Debug */,
				BA2262D22F1BE30000727B24 /* Release */,
			);
			defaultConfigurationIsVisible = 0;
			defaultConfigurationName = Release;
		};
/* End XCConfigurationList section */

/* Begin XCRemoteSwiftPackageReference section */
		BAF157872F1CA35B0085DBF9 /* XCRemoteSwiftPackageReference "supabase-swift" */ = {
			isa = XCRemoteSwiftPackageReference;
			repositoryURL = "https://github.com/supabase/supabase-swift";
			requirement = {
				kind = upToNextMajorVersion;
				minimumVersion = 2.5.1;
			};
		};
/* End XCRemoteSwiftPackageReference section */

/* Begin XCSwiftPackageProductDependency section */
		BAF157882F1CA35B0085DBF9 /* Auth */ = {
			isa = XCSwiftPackageProductDependency;
			package = BAF157872F1CA35B0085DBF9 /* XCRemoteSwiftPackageReference "supabase-swift" */;
			productName = Auth;
		};
		BAF1578A2F1CA35B0085DBF9 /* Functions */ = {
			isa = XCSwiftPackageProductDependency;
			package = BAF157872F1CA35B0085DBF9 /* XCRemoteSwiftPackageReference "supabase-swift" */;
			productName = Functions;
		};
		BAF1578C2F1CA35B0085DBF9 /* PostgREST */ = {
			isa = XCSwiftPackageProductDependency;
			package = BAF157872F1CA35B0085DBF9 /* XCRemoteSwiftPackageReference "supabase-swift" */;
			productName = PostgREST;
		};
		BAF1578E2F1CA35B0085DBF9 /* Realtime */ = {
			isa = XCSwiftPackageProductDependency;
			package = BAF157872F1CA35B0085DBF9 /* XCRemoteSwiftPackageReference "supabase-swift" */;
			productName = Realtime;
		};
		BAF157902F1CA35B0085DBF9 /* Storage */ = {
			isa = XCSwiftPackageProductDependency;
			package = BAF157872F1CA35B0085DBF9 /* XCRemoteSwiftPackageReference "supabase-swift" */;
			productName = Storage;
		};
		BAF157AF2F1CC8CA0085DBF9 /* Supabase */ = {
			isa = XCSwiftPackageProductDependency;
			package = BAF157872F1CA35B0085DBF9 /* XCRemoteSwiftPackageReference "supabase-swift" */;
			productName = Supabase;
		};
/* End XCSwiftPackageProductDependency section */
	};
	rootObject = BA2262A12F1BE2FE00727B24 /* Project object */;
}
